PODS:
  - AFNetworking (3.1.0):
    - AFNetworking/NSURLSession (= 3.1.0)
    - AFNetworking/Reachability (= 3.1.0)
    - AFNetworking/Security (= 3.1.0)
    - AFNetworking/Serialization (= 3.1.0)
    - AFNetworking/UIKit (= 3.1.0)
  - AFNetworking/NSURLSession (3.1.0):
    - AFNetworking/Reachability
    - AFNetworking/Security
    - AFNetworking/Serialization
  - AFNetworking/Reachability (3.1.0)
  - AFNetworking/Security (3.1.0)
  - AFNetworking/Serialization (3.1.0)
  - AFNetworking/UIKit (3.1.0):
    - AFNetworking/NSURLSession
  - GCDWebServer (3.4.2):
    - GCDWebServer/Core (= 3.4.2)
  - GCDWebServer/Core (3.4.2)
  - GCDWebServer/WebUploader (3.4.2):
    - GCDWebServer/Core
  - IQKeyboardManager (4.0.11)
  - Kiwi (2.4.0)
  - MagicalRecord (2.3.2):
    - MagicalRecord/Core (= 2.3.2)
  - MagicalRecord/Core (2.3.2)
  - Masonry (1.0.2)
  - MBProgressHUD (1.0.0)
  - MJExtension (3.0.13)
  - MJRefresh (3.1.12)
  - PNChart (0.8.9):
    - UICountingLabel (~> 1.2.0)
  - UICountingLabel (1.2.0)
  - YYCache (1.0.4)
  - YYCategories (1.0.4):
    - YYCategories/no-arc (= 1.0.4)
  - YYCategories/no-arc (1.0.4)
  - ZYCornerRadius (1.0.2)

DEPENDENCIES:
  - AFNetworking (~> 3.1.0)
  - GCDWebServer (~> 3.4.1)
  - GCDWebServer/WebUploader (~> 3.4)
  - IQKeyboardManager (~> 4.0.11)
  - Kiwi (~> 2.4.0)
  - MagicalRecord (~> 2.3.2)
  - Masonry (~> 1.0.2)
  - MBProgressHUD (~> 1.0.0)
  - MJExtension (~> 3.0.13)
  - MJRefresh (~> 3.1.12)
  - PNChart (~> 0.8.9)
  - YYCache (~> 1.0.4)
  - YYCategories (~> 1.0.4)
  - ZYCornerRadius (~> 1.0.2)

SPEC CHECKSUMS:
  AFNetworking: 5e0e199f73d8626b11e79750991f5d173d1f8b67
  GCDWebServer: 8d67ee9f634b4bb91eb4b8aee440318a5fc6debd
  IQKeyboardManager: 83eae5318483a34eb2069ef413d195b97605232e
  Kiwi: f49c9d54b28917df5928fe44968a39ed198cb8a8
  MagicalRecord: 53bed74b4323b930992a725be713e53b37d19755
  Masonry: 7c429b56da9d4ee0bbb3ed77a5ea710d6a5df39e
  MBProgressHUD: 4890f671c94e8a0f3cf959aa731e9de2f036d71a
  MJExtension: 5932755f451458eefa24239358817f8d291240c7
  MJRefresh: b96cdb21c4aa75a7b07654311ab2f315c497e806
  PNChart: 84774d225c2126ded6c93d4dbe6ae98c3a73c2d2
  UICountingLabel: 1db4e7d023e1762171eb226d6dff47a7a84f27aa
  YYCache: 8105b6638f5e849296c71f331ff83891a4942952
  YYCategories: 6bcd4314c6661a561410dce4a793379ebd306abd
  ZYCornerRadius: f0af817be7805b5c63d793042ca7a03f81e14069

PODFILE CHECKSUM: 998b0521d973314a19ce7969559cb3ee5ffd8504

COCOAPODS: 1.2.1
